
Microsoft Visual Studio Solution File, Format Version 12.00
# Visual Studio Version 16
VisualStudioVersion = 16.0.31911.196
MinimumVisualStudioVersion = 10.0.40219.1
Project("{FAE04EC0-301F-11D3-BF4B-00C04F79EFBC}") = "ModBasic", "ModBasic\ModBasic.csproj", "{C6CA8173-EF94-4592-8041-CE7AC71766FC}"
EndProject
Global
	GlobalSection(SolutionConfigurationPlatforms) = preSolution
		Debug|Any CPU = Debug|Any CPU
		Release|Any CPU = Release|Any CPU
	EndGlobalSection
	GlobalSection(ProjectConfigurationPlatforms) = postSolution
		{C6CA8173-EF94-4592-8041-CE7AC71766FC}.Debug|Any CPU.ActiveCfg = Debug|Any CPU
		{C6CA8173-EF94-4592-8041-CE7AC71766FC}.Debug|Any CPU.Build.0 = Debug|Any CPU
		{C6CA8173-EF94-4592-8041-CE7AC71766FC}.Release|Any CPU.ActiveCfg = Release|Any CPU
		{C6CA8173-EF94-4592-8041-CE7AC71766FC}.Release|Any CPU.Build.0 = Release|Any CPU
	EndGlobalSection
	GlobalSection(SolutionProperties) = preSolution
		HideSolutionNode = FALSE
	EndGlobalSection
	GlobalSection(ExtensibilityGlobals) = postSolution
		SolutionGuid = {20938B17-CCE6-41A2-BA4A-39C4B9F2A52C}
	EndGlobalSection
EndGlobal
